
Microsoft Visual Studio Solution File, Format Version 12.00
# Visual Studio Version 17
VisualStudioVersion = 17.1.32328.378
MinimumVisualStudioVersion = 10.0.40219.1
Project("{FAE04EC0-301F-11D3-BF4B-00C04F79EFBC}") = "AzBlob", "AzBlob\AzBlob.csproj", "{99EFE300-86AF-4D8D-997F-FDF25EEEE1A3}"
EndProject
Global
	GlobalSection(SolutionConfigurationPlatforms) = preSolution
		Debug|Any CPU = Debug|Any CPU
		Release|Any CPU = Release|Any CPU
	EndGlobalSection
	GlobalSection(ProjectConfigurationPlatforms) = postSolution
		{99EFE300-86AF-4D8D-997F-FDF25EEEE1A3}.Debug|Any CPU.ActiveCfg = Debug|Any CPU
		{99EFE300-86AF-4D8D-997F-FDF25EEEE1A3}.Debug|Any CPU.Build.0 = Debug|Any CPU
		{99EFE300-86AF-4D8D-997F-FDF25EEEE1A3}.Release|Any CPU.ActiveCfg = Release|Any CPU
		{99EFE300-86AF-4D8D-997F-FDF25EEEE1A3}.Release|Any CPU.Build.0 = Release|Any CPU
	EndGlobalSection
	GlobalSection(SolutionProperties) = preSolution
		HideSolutionNode = FALSE
	EndGlobalSection
	GlobalSection(ExtensibilityGlobals) = postSolution
		SolutionGuid = {A565DDC4-891F-450E-A7D0-61E65B550018}
	EndGlobalSection
EndGlobal
